{
  "R": {
    "Version": "4.1.0",
    "Repositories": [
      {
        "Name": "CRAN",
        "URL": "https://cloud.r-project.org"
      }
    ]
  },
  "Packages": {
    "DBI": {
      "Package": "DBI",
      "Version": "1.1.1",
      "Source": "Repository",
      "Repository": "CRAN",
      "Hash": "030aaec5bc6553f35347cbb1e70b1a17",
      "Requirements": []
    },
    "RPostgreSQL": {
      "Package": "RPostgreSQL",
      "Version": "0.7-3",
      "Source": "Repository",
      "Repository": "CRAN",
      "Hash": "d1258c16d609c27a3ba022d50c054b34",
      "Requirements": [
        "DBI"
      ]
    },
    "clustcens": {
      "Package": "clustcens",
      "Version": "1.1.3",
      "Source": "GitHub",
      "RemoteType": "github",
      "RemoteHost": "api.github.com",
      "RemoteRepo": "clustcens",
      "RemoteUsername": "lkhenayfis",
      "RemoteRef": "v1.1.3",
      "RemoteSha": "ae86643614c9260e079e20986657c49e4684abfc",
      "Hash": "c3f139fd22a0768ef0793579b44250fd",
      "Requirements": [
        "data.table"
      ]
    },
    "cluster": {
      "Package": "cluster",
      "Version": "2.1.2",
      "Source": "Repository",
      "Repository": "CRAN",
      "Hash": "ce49bfe5bc0b3ecd43a01fe1b01c2243",
      "Requirements": []
    },
    "data.table": {
      "Package": "data.table",
      "Version": "1.14.2",
      "Source": "Repository",
      "Repository": "CRAN",
      "Hash": "36b67b5adf57b292923f5659f5f0c853",
      "Requirements": []
    },
    "dbrenovaveis": {
      "Package": "dbrenovaveis",
      "Version": "0.3.2",
      "Source": "GitHub",
      "RemoteType": "github",
      "RemoteHost": "api.github.com",
      "RemoteRepo": "dbrenovaveis",
      "RemoteUsername": "lkhenayfis",
      "RemoteRef": "v0.3.2",
      "RemoteSha": "ff392b323038b5071fc9baad11e0016a829504aa",
      "Hash": "69d4b8c640eeeb5c4d1c9b6dcec83f3c",
      "Requirements": [
        "DBI",
        "RPostgreSQL",
        "data.table"
      ]
    },
    "jsonlite": {
      "Package": "jsonlite",
      "Version": "1.7.2",
      "Source": "Repository",
      "Repository": "CRAN",
      "Hash": "98138e0994d41508c7a6b84a0600cfcb",
      "Requirements": []
    },
    "logr": {
      "Package": "logr",
      "Version": "1.2.9",
      "Source": "Repository",
      "Repository": "CRAN",
      "Hash": "228160cab9c1cbc120d2aadc0ca60283",
      "Requirements": [
        "this.path",
        "withr"
      ]
    },
    "mclust": {
      "Package": "mclust",
      "Version": "5.4.10",
      "Source": "Repository",
      "Repository": "CRAN",
      "Hash": "540bcb053858d79a57325129f86c0650",
      "Requirements": []
    },
    "mvtnorm": {
      "Package": "mvtnorm",
      "Version": "1.1-3",
      "Source": "Repository",
      "Repository": "CRAN",
      "Hash": "7a7541cc284cb2ba3ba7eae645892af5",
      "Requirements": []
    },
    "renv": {
      "Package": "renv",
      "Version": "0.15.5",
      "Source": "Repository",
      "Repository": "CRAN",
      "Hash": "6a38294e7d12f5d8e656b08c5bd8ae34",
      "Requirements": []
    },
    "this.path": {
      "Package": "this.path",
      "Version": "0.5.1",
      "Source": "Repository",
      "Repository": "CRAN",
      "Hash": "adbfb7339a8ac79f1357cba9e1abd516",
      "Requirements": []
    },
    "withr": {
      "Package": "withr",
      "Version": "2.4.3",
      "Source": "Repository",
      "Repository": "CRAN",
      "Hash": "a376b424c4817cda4920bbbeb3364e85",
      "Requirements": []
    },
    "yaml": {
      "Package": "yaml",
      "Version": "2.3.5",
      "Source": "Repository",
      "Repository": "CRAN",
      "Hash": "458bb38374d73bf83b1bb85e353da200",
      "Requirements": []
    }
  }
}
